// !$*UTF8*$!
{
	archiveVersion = 1;
	classes = {
	};
	objectVersion = 77;
	objects = {

/* Begin PBXContainerItemProxy section */
		FC082AC92E95E85A0050D9D0 /* PBXContainerItemProxy */ = {
			isa = PBXContainerItemProxy;
			containerPortal = FC082AB32E95E8590050D9D0 /* Project object */;
			proxyType = 1;
			remoteGlobalIDString = FC082ABA2E95E8590050D9D0;
			remoteInfo = "USAC Stream Buddy";
		};
		FC082AD32E95E85A0050D9D0 /* PBXContainerItemProxy */ = {
			isa = PBXContainerItemProxy;
			containerPortal = FC082AB32E95E8590050D9D0 /* Project object */;
			proxyType = 1;
			remoteGlobalIDString = FC082ABA2E95E8590050D9D0;
			remoteInfo = "USAC Stream Buddy";
		};
/* End PBXContainerItemProxy section */

/* Begin PBXFileReference section */
		FC082ABB2E95E8590050D9D0 /* USAC Stream Buddy.app */ = {isa = PBXFileReference; explicitFileType = wrapper.application; includeInIndex = 0; path = "USAC Stream Buddy.app"; sourceTree = BUILT_PRODUCTS_DIR; };
		FC082AC82E95E85A0050D9D0 /* USAC Stream BuddyTests.xctest */ = {isa = PBXFileReference; explicitFileType = wrapper.cfbundle; includeInIndex = 0; path = "USAC Stream BuddyTests.xctest"; sourceTree = BUILT_PRODUCTS_DIR; };
		FC082AD22E95E85A0050D9D0 /* USAC Stream BuddyUITests.xctest */ = {isa = PBXFileReference; explicitFileType = wrapper.cfbundle; includeInIndex = 0; path = "USAC Stream BuddyUITests.xctest"; sourceTree = BUILT_PRODUCTS_DIR; };
/* End PBXFileReference section */

/* Begin PBXFileSystemSynchronizedRootGroup section */
		FC082ABD2E95E8590050D9D0 /* USAC Stream Buddy */ = {
			isa = PBXFileSystemSynchronizedRootGroup;
			path = "USAC Stream Buddy";
			sourceTree = "<group>";
		};
		FC082ACB2E95E85A0050D9D0 /* USAC Stream BuddyTests */ = {
			isa = PBXFileSystemSynchronizedRootGroup;
			path = "USAC Stream BuddyTests";
			sourceTree = "<group>";
		};
		FC082AD52E95E85A0050D9D0 /* USAC Stream BuddyUITests */ = {
			isa = PBXFileSystemSynchronizedRootGroup;
			path = "USAC Stream BuddyUITests";
			sourceTree = "<group>";
		};
/* End PBXFileSystemSynchronizedRootGroup section */

/* Begin PBXFrameworksBuildPhase section */
		FC082AB82E95E8590050D9D0 /* Frameworks */ = {
			isa = PBXFrameworksBuildPhase;
			buildActionMask = 2147483647;
			files = (
			);
			runOnlyForDeploymentPostprocessing = 0;
		};
		FC082AC52E95E85A0050D9D0 /* Frameworks */ = {
			isa = PBXFrameworksBuildPhase;
			buildActionMask = 2147483647;
			files = (
			);
			runOnlyForDeploymentPostprocessing = 0;
		};
		FC082ACF2E95E85A0050D9D0 /* Frameworks */ = {
			isa = PBXFrameworksBuildPhase;
			buildActionMask = 2147483647;
			files = (
			);
			runOnlyForDeploymentPostprocessing = 0;
		};
/* End PBXFrameworksBuildPhase section */

/* Begin PBXGroup section */
		FC082AB22E95E8590050D9D0 = {
			isa = PBXGroup;
			children = (
				FC082ABD2E95E8590050D9D0 /* USAC Stream Buddy */,
				FC082ACB2E95E85A0050D9D0 /* USAC Stream BuddyTests */,
				FC082AD52E95E85A0050D9D0 /* USAC Stream BuddyUITests */,
				FC082ABC2E95E8590050D9D0 /* Products */,
			);
			sourceTree = "<group>";
		};
		FC082ABC2E95E8590050D9D0 /* Products */ = {
			isa = PBXGroup;
			children = (
				FC082ABB2E95E8590050D9D0 /* USAC Stream Buddy.app */,
				FC082AC82E95E85A0050D9D0 /* USAC Stream BuddyTests.xctest */,
				FC082AD22E95E85A0050D9D0 /* USAC Stream BuddyUITests.xctest */,
			);
			name = Products;
			sourceTree = "<group>";
		};
/* End PBXGroup section */

/* Begin PBXNativeTarget section */
		FC082ABA2E95E8590050D9D0 /* USAC Stream Buddy */ = {
			isa = PBXNativeTarget;
			buildConfigurationList = FC082ADC2E95E85A0050D9D0 /* Build configuration list for PBXNativeTarget "USAC Stream Buddy" */;
			buildPhases = (
				FC082AB72E95E8590050D9D0 /* Sources */,
				FC082AB82E95E8590050D9D0 /* Frameworks */,
				FC082AB92E95E8590050D9D0 /* Resources */,
			);
			buildRules = (
			);
			dependencies = (
			);
			fileSystemSynchronizedGroups = (
				FC082ABD2E95E8590050D9D0 /* USAC Stream Buddy */,
			);
			name = "USAC Stream Buddy";
			packageProductDependencies = (
			);
			productName = "USAC Stream Buddy";
			productReference = FC082ABB2E95E8590050D9D0 /* USAC Stream Buddy.app */;
			productType = "com.apple.product-type.application";
		};
		FC082AC72E95E85A0050D9D0 /* USAC Stream BuddyTests */ = {
			isa = PBXNativeTarget;
			buildConfigurationList = FC082ADF2E95E85A0050D9D0 /* Build configuration list for PBXNativeTarget "USAC Stream BuddyTests" */;
			buildPhases = (
				FC082AC42E95E85A0050D9D0 /* Sources */,
				FC082AC52E95E85A0050D9D0 /* Frameworks */,
				FC082AC62E95E85A0050D9D0 /* Resources */,
			);
			buildRules = (
			);
			dependencies = (
				FC082ACA2E95E85A0050D9D0 /* PBXTargetDependency */,
			);
			fileSystemSynchronizedGroups = (
				FC082ACB2E95E85A0050D9D0 /* USAC Stream BuddyTests */,
			);
			name = "USAC Stream BuddyTests";
			packageProductDependencies = (
			);
			productName = "USAC Stream BuddyTests";
			productReference = FC082AC82E95E85A0050D9D0 /* USAC Stream BuddyTests.xctest */;
			productType = "com.apple.product-type.bundle.unit-test";
		};
		FC082AD12E95E85A0050D9D0 /* USAC Stream BuddyUITests */ = {
			isa = PBXNativeTarget;
			buildConfigurationList = FC082AE22E95E85A0050D9D0 /* Build configuration list for PBXNativeTarget "USAC Stream BuddyUITests" */;
			buildPhases = (
				FC082ACE2E95E85A0050D9D0 /* Sources */,
				FC082ACF2E95E85A0050D9D0 /* Frameworks */,
				FC082AD02E95E85A0050D9D0 /* Resources */,
			);
			buildRules = (
			);
			dependencies = (
				FC082AD42E95E85A0050D9D0 /* PBXTargetDependency */,
			);
			fileSystemSynchronizedGroups = (
				FC082AD52E95E85A0050D9D0 /* USAC Stream BuddyUITests */,
			);
			name = "USAC Stream BuddyUITests";
			packageProductDependencies = (
			);
			productName = "USAC Stream BuddyUITests";
			productReference = FC082AD22E95E85A0050D9D0 /* USAC Stream BuddyUITests.xctest */;
			productType = "com.apple.product-type.bundle.ui-testing";
		};
/* End PBXNativeTarget section */

/* Begin PBXProject section */
		FC082AB32E95E8590050D9D0 /* Project object */ = {
			isa = PBXProject;
			attributes = {
				BuildIndependentTargetsInParallel = 1;
				LastSwiftUpdateCheck = 2600;
				LastUpgradeCheck = 2600;
				TargetAttributes = {
					FC082ABA2E95E8590050D9D0 = {
						CreatedOnToolsVersion = 26.0.1;
					};
					FC082AC72E95E85A0050D9D0 = {
						CreatedOnToolsVersion = 26.0.1;
						TestTargetID = FC082ABA2E95E8590050D9D0;
					};
					FC082AD12E95E85A0050D9D0 = {
						CreatedOnToolsVersion = 26.0.1;
						TestTargetID = FC082ABA2E95E8590050D9D0;
					};
				};
			};
			buildConfigurationList = FC082AB62E95E8590050D9D0 /* Build configuration list for PBXProject "USAC Stream Buddy" */;
			developmentRegion = en;
			hasScannedForEncodings = 0;
			knownRegions = (
				en,
				Base,
			);
			mainGroup = FC082AB22E95E8590050D9D0;
			minimizedProjectReferenceProxies = 1;
			preferredProjectObjectVersion = 77;
			productRefGroup = FC082ABC2E95E8590050D9D0 /* Products */;
			projectDirPath = "";
			projectRoot = "";
			targets = (
				FC082ABA2E95E8590050D9D0 /* USAC Stream Buddy */,
				FC082AC72E95E85A0050D9D0 /* USAC Stream BuddyTests */,
				FC082AD12E95E85A0050D9D0 /* USAC Stream BuddyUITests */,
			);
		};
/* End PBXProject section */

/* Begin PBXResourcesBuildPhase section */
		FC082AB92E95E8590050D9D0 /* Resources */ = {
			isa = PBXResourcesBuildPhase;
			buildActionMask = 2147483647;
			files = (
			);
			runOnlyForDeploymentPostprocessing = 0;
		};
		FC082AC62E95E85A0050D9D0 /* Resources */ = {
			isa = PBXResourcesBuildPhase;
			buildActionMask = 2147483647;
			files = (
			);
			runOnlyForDeploymentPostprocessing = 0;
		};
		FC082AD02E95E85A0050D9D0 /* Resources */ = {
			isa = PBXResourcesBuildPhase;
			buildActionMask = 2147483647;
			files = (
			);
			runOnlyForDeploymentPostprocessing = 0;
		};
/* End PBXResourcesBuildPhase section */

/* Begin PBXSourcesBuildPhase section */
		FC082AB72E95E8590050D9D0 /* Sources */ = {
			isa = PBXSourcesBuildPhase;
			buildActionMask = 2147483647;
			files = (
			);
			runOnlyForDeploymentPostprocessing = 0;
		};
		FC082AC42E95E85A0050D9D0 /* Sources */ = {
			isa = PBXSourcesBuildPhase;
			buildActionMask = 2147483647;
			files = (
			);
			runOnlyForDeploymentPostprocessing = 0;
		};
		FC082ACE2E95E85A0050D9D0 /* Sources */ = {
			isa = PBXSourcesBuildPhase;
			buildActionMask = 2147483647;
			files = (
			);
			runOnlyForDeploymentPostprocessing = 0;
		};
/* End PBXSourcesBuildPhase section */

/* Begin PBXTargetDependency section */
		FC082ACA2E95E85A0050D9D0 /* PBXTargetDependency */ = {
			isa = PBXTargetDependency;
			target = FC082ABA2E95E8590050D9D0 /* USAC Stream Buddy */;
			targetProxy = FC082AC92E95E85A0050D9D0 /* PBXContainerItemProxy */;
		};
		FC082AD42E95E85A0050D9D0 /* PBXTargetDependency */ = {
			isa = PBXTargetDependency;
			target = FC082ABA2E95E8590050D9D0 /* USAC Stream Buddy */;
			targetProxy = FC082AD32E95E85A0050D9D0 /* PBXContainerItemProxy */;
		};
/* End PBXTargetDependency section */

/* Begin XCBuildConfiguration section */
		FC082ADA2E95E85A0050D9D0 /* Debug */ = {
			isa = XCBuildConfiguration;
			buildSettings = {
				ALWAYS_SEARCH_USER_PATHS = NO;
				ASSETCATALOG_COMPILER_GENERATE_SWIFT_ASSET_SYMBOL_EXTENSIONS = YES;
				CLANG_ANALYZER_NONNULL = YES;
				CLANG_ANALYZER_NUMBER_OBJECT_CONVERSION = YES_AGGRESSIVE;
				CLANG_CXX_LANGUAGE_STANDARD = "gnu++20";
				CLANG_ENABLE_MODULES = YES;
				CLANG_ENABLE_OBJC_ARC = YES;
				CLANG_ENABLE_OBJC_WEAK = YES;
				CLANG_WARN_BLOCK_CAPTURE_AUTORELEASING = YES;
				CLANG_WARN_BOOL_CONVERSION = YES;
				CLANG_WARN_COMMA = YES;
				CLANG_WARN_CONSTANT_CONVERSION = YES;
				CLANG_WARN_DEPRECATED_OBJC_IMPLEMENTATIONS = YES;
				CLANG_WARN_DIRECT_OBJC_ISA_USAGE = YES_ERROR;
				CLANG_WARN_DOCUMENTATION_COMMENTS = YES;
				CLANG_WARN_EMPTY_BODY = YES;
				CLANG_WARN_ENUM_CONVERSION = YES;
				CLANG_WARN_INFINITE_RECURSION = YES;
				CLANG_WARN_INT_CONVERSION = YES;
				CLANG_WARN_NON_LITERAL_NULL_CONVERSION = YES;
				CLANG_WARN_OBJC_IMPLICIT_RETAIN_SELF = YES;
				CLANG_WARN_OBJC_LITERAL_CONVERSION = YES;
				CLANG_WARN_OBJC_ROOT_CLASS = YES_ERROR;
				CLANG_WARN_QUOTED_INCLUDE_IN_FRAMEWORK_HEADER = YES;
				CLANG_WARN_RANGE_LOOP_ANALYSIS = YES;
				CLANG_WARN_STRICT_PROTOTYPES = YES;
				CLANG_WARN_SUSPICIOUS_MOVE = YES;
				CLANG_WARN_UNGUARDED_AVAILABILITY = YES_AGGRESSIVE;
				CLANG_WARN_UNREACHABLE_CODE = YES;
				CLANG_WARN__DUPLICATE_METHOD_MATCH = YES;
				COPY_PHASE_STRIP = NO;
				DEBUG_INFORMATION_FORMAT = dwarf;
				DEVELOPMENT_TEAM = E8YCTQ5XB7;
				ENABLE_STRICT_OBJC_MSGSEND = YES;
				ENABLE_TESTABILITY = YES;
				ENABLE_USER_SCRIPT_SANDBOXING = YES;
				GCC_C_LANGUAGE_STANDARD = gnu17;
				GCC_DYNAMIC_NO_PIC = NO;
				GCC_NO_COMMON_BLOCKS = YES;
				GCC_OPTIMIZATION_LEVEL = 0;
				GCC_PREPROCESSOR_DEFINITIONS = (
					"DEBUG=1",
					"$(inherited)",
				);
				GCC_WARN_64_TO_32_BIT_CONVERSION = YES;
				GCC_WARN_ABOUT_RETURN_TYPE = YES_ERROR;
				GCC_WARN_UNDECLARED_SELECTOR = YES;
				GCC_WARN_UNINITIALIZED_AUTOS = YES_AGGRESSIVE;
				GCC_WARN_UNUSED_FUNCTION = YES;
				GCC_WARN_UNUSED_VARIABLE = YES;
				LOCALIZATION_PREFERS_STRING_CATALOGS = YES;
				MACOSX_DEPLOYMENT_TARGET = 26.0;
				MTL_ENABLE_DEBUG_INFO = INCLUDE_SOURCE;
				MTL_FAST_MATH = YES;
				ONLY_ACTIVE_ARCH = YES;
				SDKROOT = macosx;
				SWIFT_ACTIVE_COMPILATION_CONDITIONS = "DEBUG $(inherited)";
				SWIFT_OPTIMIZATION_LEVEL = "-Onone";
			};
			name = Debug;
		};
		FC082ADB2E95E85A0050D9D0 /* Release */ = {
			isa = XCBuildConfiguration;
			buildSettings = {
				ALWAYS_SEARCH_USER_PATHS = NO;
				ASSETCATALOG_COMPILER_GENERATE_SWIFT_ASSET_SYMBOL_EXTENSIONS = YES;
				CLANG_ANALYZER_NONNULL = YES;
				CLANG_ANALYZER_NUMBER_OBJECT_CONVERSION = YES_AGGRESSIVE;
				CLANG_CXX_LANGUAGE_STANDARD = "gnu++20";
				CLANG_ENABLE_MODULES = YES;
				CLANG_ENABLE_OBJC_ARC = YES;
				CLANG_ENABLE_OBJC_WEAK = YES;
				CLANG_WARN_BLOCK_CAPTURE_AUTORELEASING = YES;
				CLANG_WARN_BOOL_CONVERSION = YES;
				CLANG_WARN_COMMA = YES;
				CLANG_WARN_CONSTANT_CONVERSION = YES;
				CLANG_WARN_DEPRECATED_OBJC_IMPLEMENTATIONS = YES;
				CLANG_WARN_DIRECT_OBJC_ISA_USAGE = YES_ERROR;
				CLANG_WARN_DOCUMENTATION_COMMENTS = YES;
				CLANG_WARN_EMPTY_BODY = YES;
				CLANG_WARN_ENUM_CONVERSION = YES;
				CLANG_WARN_INFINITE_RECURSION = YES;
				CLANG_WARN_INT_CONVERSION = YES;
				CLANG_WARN_NON_LITERAL_NULL_CONVERSION = YES;
				CLANG_WARN_OBJC_IMPLICIT_RETAIN_SELF = YES;
				CLANG_WARN_OBJC_LITERAL_CONVERSION = YES;
				CLANG_WARN_OBJC_ROOT_CLASS = YES_ERROR;
				CLANG_WARN_QUOTED_INCLUDE_IN_FRAMEWORK_HEADER = YES;
				CLANG_WARN_RANGE_LOOP_ANALYSIS = YES;
				CLANG_WARN_STRICT_PROTOTYPES = YES;
				CLANG_WARN_SUSPICIOUS_MOVE = YES;
				CLANG_WARN_UNGUARDED_AVAILABILITY = YES_AGGRESSIVE;
				CLANG_WARN_UNREACHABLE_CODE = YES;
				CLANG_WARN__DUPLICATE_METHOD_MATCH = YES;
				COPY_PHASE_STRIP = NO;
				DEBUG_INFORMATION_FORMAT = "dwarf-with-dsym";
				DEVELOPMENT_TEAM = E8YCTQ5XB7;
				ENABLE_NS_ASSERTIONS = NO;
				ENABLE_STRICT_OBJC_MSGSEND = YES;
				ENABLE_USER_SCRIPT_SANDBOXING = YES;
				GCC_C_LANGUAGE_STANDARD = gnu17;
				GCC_NO_COMMON_BLOCKS = YES;
				GCC_WARN_64_TO_32_BIT_CONVERSION = YES;
				GCC_WARN_ABOUT_RETURN_TYPE = YES_ERROR;
				GCC_WARN_UNDECLARED_SELECTOR = YES;
				GCC_WARN_UNINITIALIZED_AUTOS = YES_AGGRESSIVE;
				GCC_WARN_UNUSED_FUNCTION = YES;
				GCC_WARN_UNUSED_VARIABLE = YES;
				LOCALIZATION_PREFERS_STRING_CATALOGS = YES;
				MACOSX_DEPLOYMENT_TARGET = 26.0;
				MTL_ENABLE_DEBUG_INFO = NO;
				MTL_FAST_MATH = YES;
				SDKROOT = macosx;
				SWIFT_COMPILATION_MODE = wholemodule;
			};
			name = Release;
		};
		FC082ADD2E95E85A0050D9D0 /* Debug */ = {
			isa = XCBuildConfiguration;
			buildSettings = {
				ASSETCATALOG_COMPILER_APPICON_NAME = AppIcon;
				ASSETCATALOG_COMPILER_GLOBAL_ACCENT_COLOR_NAME = AccentColor;
				CODE_SIGN_STYLE = Automatic;
				COMBINE_HIDPI_IMAGES = YES;
				CURRENT_PROJECT_VERSION = 1;
				DEVELOPMENT_TEAM = E8YCTQ5XB7;
				ENABLE_APP_SANDBOX = YES;
				ENABLE_HARDENED_RUNTIME = YES;
				ENABLE_INCOMING_NETWORK_CONNECTIONS = NO;
				ENABLE_OUTGOING_NETWORK_CONNECTIONS = YES;
				ENABLE_PREVIEWS = YES;
				ENABLE_RESOURCE_ACCESS_AUDIO_INPUT = NO;
				ENABLE_RESOURCE_ACCESS_BLUETOOTH = NO;
				ENABLE_RESOURCE_ACCESS_CALENDARS = NO;
				ENABLE_RESOURCE_ACCESS_CAMERA = NO;
				ENABLE_RESOURCE_ACCESS_CONTACTS = NO;
				ENABLE_RESOURCE_ACCESS_LOCATION = NO;
				ENABLE_RESOURCE_ACCESS_PRINTING = NO;
				ENABLE_RESOURCE_ACCESS_USB = NO;
				ENABLE_USER_SELECTED_FILES = readonly;
				GENERATE_INFOPLIST_FILE = YES;
				INFOPLIST_KEY_NSHumanReadableCopyright = "";
				LD_RUNPATH_SEARCH_PATHS = (
					"$(inherited)",
					"@executable_path/../Frameworks",
				);
				MARKETING_VERSION = 1.0;
				PRODUCT_BUNDLE_IDENTIFIER = "com.dispatchonce.USAC-Stream-Buddy";
				PRODUCT_NAME = "$(TARGET_NAME)";
				REGISTER_APP_GROUPS = YES;
				STRING_CATALOG_GENERATE_SYMBOLS = YES;
				SWIFT_APPROACHABLE_CONCURRENCY = YES;
				SWIFT_DEFAULT_ACTOR_ISOLATION = MainActor;
				SWIFT_EMIT_LOC_STRINGS = YES;
				SWIFT_UPCOMING_FEATURE_MEMBER_IMPORT_VISIBILITY = YES;
				SWIFT_VERSION = 5.0;
			};
			name = Debug;
		};
		FC082ADE2E95E85A0050D9D0 /* Release */ = {
			isa = XCBuildConfiguration;
			buildSettings = {
				ASSETCATALOG_COMPILER_APPICON_NAME = AppIcon;
				ASSETCATALOG_COMPILER_GLOBAL_ACCENT_COLOR_NAME = AccentColor;
				CODE_SIGN_STYLE = Automatic;
				COMBINE_HIDPI_IMAGES = YES;
				CURRENT_PROJECT_VERSION = 1;
				DEVELOPMENT_TEAM = E8YCTQ5XB7;
				ENABLE_APP_SANDBOX = YES;
				ENABLE_HARDENED_RUNTIME = YES;
				ENABLE_INCOMING_NETWORK_CONNECTIONS = NO;
				ENABLE_OUTGOING_NETWORK_CONNECTIONS = YES;
				ENABLE_PREVIEWS = YES;
				ENABLE_RESOURCE_ACCESS_AUDIO_INPUT = NO;
				ENABLE_RESOURCE_ACCESS_BLUETOOTH = NO;
				ENABLE_RESOURCE_ACCESS_CALENDARS = NO;
				ENABLE_RESOURCE_ACCESS_CAMERA = NO;
				ENABLE_RESOURCE_ACCESS_CONTACTS = NO;
				ENABLE_RESOURCE_ACCESS_LOCATION = NO;
				ENABLE_RESOURCE_ACCESS_PRINTING = NO;
				ENABLE_RESOURCE_ACCESS_USB = NO;
				ENABLE_USER_SELECTED_FILES = readonly;
				GENERATE_INFOPLIST_FILE = YES;
				INFOPLIST_KEY_NSHumanReadableCopyright = "";
				LD_RUNPATH_SEARCH_PATHS = (
					"$(inherited)",
					"@executable_path/../Frameworks",
				);
				MARKETING_VERSION = 1.0;
				PRODUCT_BUNDLE_IDENTIFIER = "com.dispatchonce.USAC-Stream-Buddy";
				PRODUCT_NAME = "$(TARGET_NAME)";
				REGISTER_APP_GROUPS = YES;
				STRING_CATALOG_GENERATE_SYMBOLS = YES;
				SWIFT_APPROACHABLE_CONCURRENCY = YES;
				SWIFT_DEFAULT_ACTOR_ISOLATION = MainActor;
				SWIFT_EMIT_LOC_STRINGS = YES;
				SWIFT_UPCOMING_FEATURE_MEMBER_IMPORT_VISIBILITY = YES;
				SWIFT_VERSION = 5.0;
			};
			name = Release;
		};
		FC082AE02E95E85A0050D9D0 /* Debug */ = {
			isa = XCBuildConfiguration;
			buildSettings = {
				BUNDLE_LOADER = "$(TEST_HOST)";
				CODE_SIGN_STYLE = Automatic;
				CURRENT_PROJECT_VERSION = 1;
				DEVELOPMENT_TEAM = E8YCTQ5XB7;
				GENERATE_INFOPLIST_FILE = YES;
				MACOSX_DEPLOYMENT_TARGET = 26.0;
				MARKETING_VERSION = 1.0;
				PRODUCT_BUNDLE_IDENTIFIER = "com.dispatchonce.USAC-Stream-BuddyTests";
				PRODUCT_NAME = "$(TARGET_NAME)";
				STRING_CATALOG_GENERATE_SYMBOLS = NO;
				SWIFT_APPROACHABLE_CONCURRENCY = YES;
				SWIFT_EMIT_LOC_STRINGS = NO;
				SWIFT_UPCOMING_FEATURE_MEMBER_IMPORT_VISIBILITY = YES;
				SWIFT_VERSION = 5.0;
				TEST_HOST = "$(BUILT_PRODUCTS_DIR)/USAC Stream Buddy.app/$(BUNDLE_EXECUTABLE_FOLDER_PATH)/USAC Stream Buddy";
			};
			name = Debug;
		};
		FC082AE12E95E85A0050D9D0 /* Release */ = {
			isa = XCBuildConfiguration;
			buildSettings = {
				BUNDLE_LOADER = "$(TEST_HOST)";
				CODE_SIGN_STYLE = Automatic;
				CURRENT_PROJECT_VERSION = 1;
				DEVELOPMENT_TEAM = E8YCTQ5XB7;
				GENERATE_INFOPLIST_FILE = YES;
				MACOSX_DEPLOYMENT_TARGET = 26.0;
				MARKETING_VERSION = 1.0;
				PRODUCT_BUNDLE_IDENTIFIER = "com.dispatchonce.USAC-Stream-BuddyTests";
				PRODUCT_NAME = "$(TARGET_NAME)";
				STRING_CATALOG_GENERATE_SYMBOLS = NO;
				SWIFT_APPROACHABLE_CONCURRENCY = YES;
				SWIFT_EMIT_LOC_STRINGS = NO;
				SWIFT_UPCOMING_FEATURE_MEMBER_IMPORT_VISIBILITY = YES;
				SWIFT_VERSION = 5.0;
				TEST_HOST = "$(BUILT_PRODUCTS_DIR)/USAC Stream Buddy.app/$(BUNDLE_EXECUTABLE_FOLDER_PATH)/USAC Stream Buddy";
			};
			name = Release;
		};
		FC082AE32E95E85A0050D9D0 /* Debug */ = {
			isa = XCBuildConfiguration;
			buildSettings = {
				CODE_SIGN_STYLE = Automatic;
				CURRENT_PROJECT_VERSION = 1;
				DEVELOPMENT_TEAM = E8YCTQ5XB7;
				GENERATE_INFOPLIST_FILE = YES;
				MARKETING_VERSION = 1.0;
				PRODUCT_BUNDLE_IDENTIFIER = "com.dispatchonce.USAC-Stream-BuddyUITests";
				PRODUCT_NAME = "$(TARGET_NAME)";
				STRING_CATALOG_GENERATE_SYMBOLS = NO;
				SWIFT_APPROACHABLE_CONCURRENCY = YES;
				SWIFT_EMIT_LOC_STRINGS = NO;
				SWIFT_UPCOMING_FEATURE_MEMBER_IMPORT_VISIBILITY = YES;
				SWIFT_VERSION = 5.0;
				TEST_TARGET_NAME = "USAC Stream Buddy";
			};
			name = Debug;
		};
		FC082AE42E95E85A0050D9D0 /* Release */ = {
			isa = XCBuildConfiguration;
			buildSettings = {
				CODE_SIGN_STYLE = Automatic;
				CURRENT_PROJECT_VERSION = 1;
				DEVELOPMENT_TEAM = E8YCTQ5XB7;
				GENERATE_INFOPLIST_FILE = YES;
				MARKETING_VERSION = 1.0;
				PRODUCT_BUNDLE_IDENTIFIER = "com.dispatchonce.USAC-Stream-BuddyUITests";
				PRODUCT_NAME = "$(TARGET_NAME)";
				STRING_CATALOG_GENERATE_SYMBOLS = NO;
				SWIFT_APPROACHABLE_CONCURRENCY = YES;
				SWIFT_EMIT_LOC_STRINGS = NO;
				SWIFT_UPCOMING_FEATURE_MEMBER_IMPORT_VISIBILITY = YES;
				SWIFT_VERSION = 5.0;
				TEST_TARGET_NAME = "USAC Stream Buddy";
			};
			name = Release;
		};
/* End XCBuildConfiguration section */

/* Begin XCConfigurationList section */
		FC082AB62E95E8590050D9D0 /* Build configuration list for PBXProject "USAC Stream Buddy" */ = {
			isa = XCConfigurationList;
			buildConfigurations = (
				FC082ADA2E95E85A0050D9D0 /* Debug */,
				FC082ADB2E95E85A0050D9D0 /* Release */,
			);
			defaultConfigurationIsVisible = 0;
			defaultConfigurationName = Release;
		};
		FC082ADC2E95E85A0050D9D0 /* Build configuration list for PBXNativeTarget "USAC Stream Buddy" */ = {
			isa = XCConfigurationList;
			buildConfigurations = (
				FC082ADD2E95E85A0050D9D0 /* Debug */,
				FC082ADE2E95E85A0050D9D0 /* Release */,
			);
			defaultConfigurationIsVisible = 0;
			defaultConfigurationName = Release;
		};
		FC082ADF2E95E85A0050D9D0 /* Build configuration list for PBXNativeTarget "USAC Stream BuddyTests" */ = {
			isa = XCConfigurationList;
			buildConfigurations = (
				FC082AE02E95E85A0050D9D0 /* Debug */,
				FC082AE12E95E85A0050D9D0 /* Release */,
			);
			defaultConfigurationIsVisible = 0;
			defaultConfigurationName = Release;
		};
		FC082AE22E95E85A0050D9D0 /* Build configuration list for PBXNativeTarget "USAC Stream BuddyUITests" */ = {
			isa = XCConfigurationList;
			buildConfigurations = (
				FC082AE32E95E85A0050D9D0 /* Debug */,
				FC082AE42E95E85A0050D9D0 /* Release */,
			);
			defaultConfigurationIsVisible = 0;
			defaultConfigurationName = Release;
		};
/* End XCConfigurationList section */
	};
	rootObject = FC082AB32E95E8590050D9D0 /* Project object */;
}
